
Microsoft Visual Studio Solution File, Format Version 12.00
# Visual Studio 15
VisualStudioVersion = 15.0.27130.2027
MinimumVisualStudioVersion = 10.0.40219.1
Project("{FAE04EC0-301F-11D3-BF4B-00C04F79EFBC}") = "WeekOfCodes", "WeekOfCodes\WeekOfCodes.csproj", "{78B39565-F4C4-4E35-A09D-D7ACADA08B50}"
EndProject
Global
	GlobalSection(SolutionConfigurationPlatforms) = preSolution
		Debug|Any CPU = Debug|Any CPU
		Release|Any CPU = Release|Any CPU
	EndGlobalSection
	GlobalSection(ProjectConfigurationPlatforms) = postSolution
		{78B39565-F4C4-4E35-A09D-D7ACADA08B50}.Debug|Any CPU.ActiveCfg = Debug|Any CPU
		{78B39565-F4C4-4E35-A09D-D7ACADA08B50}.Debug|Any CPU.Build.0 = Debug|Any CPU
		{78B39565-F4C4-4E35-A09D-D7ACADA08B50}.Release|Any CPU.ActiveCfg = Release|Any CPU
		{78B39565-F4C4-4E35-A09D-D7ACADA08B50}.Release|Any CPU.Build.0 = Release|Any CPU
	EndGlobalSection
	GlobalSection(SolutionProperties) = preSolution
		HideSolutionNode = FALSE
	EndGlobalSection
	GlobalSection(ExtensibilityGlobals) = postSolution
		SolutionGuid = {2053FED5-601F-46E9-81B2-D8D1D14679B9}
	EndGlobalSection
EndGlobal
